// !$*UTF8*$!
{
	archiveVersion = 1;
	classes = {
	};
	objectVersion = 48;
	objects = {

/* Begin PBXBuildFile section */
		8750303420473EB1003D9102 /* OpenGL.framework in Frameworks */ = {isa = PBXBuildFile; fileRef = 8750303320473EB1003D9102 /* OpenGL.framework */; };
		8750303E20473F5F003D9102 /* main.cpp in Sources */ = {isa = PBXBuildFile; fileRef = 8750303C20473F5F003D9102 /* main.cpp */; };
		8750303F20473F5F003D9102 /* main.hpp in Headers */ = {isa = PBXBuildFile; fileRef = 8750303D20473F5F003D9102 /* main.hpp */; };
		8750304220473F7D003D9102 /* hook.cpp in Sources */ = {isa = PBXBuildFile; fileRef = 8750304020473F7D003D9102 /* hook.cpp */; };
		8750304320473F7D003D9102 /* hook.hpp in Headers */ = {isa = PBXBuildFile; fileRef = 8750304120473F7D003D9102 /* hook.hpp */; };
		8750305020474824003D9102 /* imgui_impl_sdl.cpp in Sources */ = {isa = PBXBuildFile; fileRef = 8750304620474823003D9102 /* imgui_impl_sdl.cpp */; };
		8750305120474824003D9102 /* stb_truetype.h in Headers */ = {isa = PBXBuildFile; fileRef = 8750304720474823003D9102 /* stb_truetype.h */; };
		8750305220474824003D9102 /* imconfig.h in Headers */ = {isa = PBXBuildFile; fileRef = 8750304820474823003D9102 /* imconfig.h */; };
		8750305320474824003D9102 /* imgui_internal.h in Headers */ = {isa = PBXBuildFile; fileRef = 8750304920474823003D9102 /* imgui_internal.h */; };
		8750305420474824003D9102 /* imgui.h in Headers */ = {isa = PBXBuildFile; fileRef = 8750304A20474824003D9102 /* imgui.h */; };
		8750305520474824003D9102 /* stb_textedit.h in Headers */ = {isa = PBXBuildFile; fileRef = 8750304B20474824003D9102 /* stb_textedit.h */; };
		8750305620474824003D9102 /* imgui_draw.cpp in Sources */ = {isa = PBXBuildFile; fileRef = 8750304C20474824003D9102 /* imgui_draw.cpp */; };
		8750305720474824003D9102 /* stb_rect_pack.h in Headers */ = {isa = PBXBuildFile; fileRef = 8750304D20474824003D9102 /* stb_rect_pack.h */; };
		8750305820474824003D9102 /* imgui_impl_sdl.h in Headers */ = {isa = PBXBuildFile; fileRef = 8750304E20474824003D9102 /* imgui_impl_sdl.h */; };
		8750305920474824003D9102 /* imgui.cpp in Sources */ = {isa = PBXBuildFile; fileRef = 8750304F20474824003D9102 /* imgui.cpp */; };
/* End PBXBuildFile section */

/* Begin PBXFileReference section */
		8750302B20473EA2003D9102 /* libimgui_sdl_osx.dylib */ = {isa = PBXFileReference; explicitFileType = "compiled.mach-o.dylib"; includeInIndex = 0; path = libimgui_sdl_osx.dylib; sourceTree = BUILT_PRODUCTS_DIR; };
		8750303320473EB1003D9102 /* OpenGL.framework */ = {isa = PBXFileReference; lastKnownFileType = wrapper.framework; name = OpenGL.framework; path = System/Library/Frameworks/OpenGL.framework; sourceTree = SDKROOT; };
		8750303C20473F5F003D9102 /* main.cpp */ = {isa = PBXFileReference; lastKnownFileType = sourcecode.cpp.cpp; path = main.cpp; sourceTree = "<group>"; };
		8750303D20473F5F003D9102 /* main.hpp */ = {isa = PBXFileReference; lastKnownFileType = sourcecode.cpp.h; path = main.hpp; sourceTree = "<group>"; };
		8750304020473F7D003D9102 /* hook.cpp */ = {isa = PBXFileReference; lastKnownFileType = sourcecode.cpp.cpp; path = hook.cpp; sourceTree = "<group>"; };
		8750304120473F7D003D9102 /* hook.hpp */ = {isa = PBXFileReference; lastKnownFileType = sourcecode.cpp.h; path = hook.hpp; sourceTree = "<group>"; };
		8750304620474823003D9102 /* imgui_impl_sdl.cpp */ = {isa = PBXFileReference; fileEncoding = 4; lastKnownFileType = sourcecode.cpp.cpp; path = imgui_impl_sdl.cpp; sourceTree = "<group>"; };
		8750304720474823003D9102 /* stb_truetype.h */ = {isa = PBXFileReference; fileEncoding = 4; lastKnownFileType = sourcecode.c.h; path = stb_truetype.h; sourceTree = "<group>"; };
		8750304820474823003D9102 /* imconfig.h */ = {isa = PBXFileReference; fileEncoding = 4; lastKnownFileType = sourcecode.c.h; path = imconfig.h; sourceTree = "<group>"; };
		8750304920474823003D9102 /* imgui_internal.h */ = {isa = PBXFileReference; fileEncoding = 4; lastKnownFileType = sourcecode.c.h; path = imgui_internal.h; sourceTree = "<group>"; };
		8750304A20474824003D9102 /* imgui.h */ = {isa = PBXFileReference; fileEncoding = 4; lastKnownFileType = sourcecode.c.h; path = imgui.h; sourceTree = "<group>"; };
		8750304B20474824003D9102 /* stb_textedit.h */ = {isa = PBXFileReference; fileEncoding = 4; lastKnownFileType = sourcecode.c.h; path = stb_textedit.h; sourceTree = "<group>"; };
		8750304C20474824003D9102 /* imgui_draw.cpp */ = {isa = PBXFileReference; fileEncoding = 4; lastKnownFileType = sourcecode.cpp.cpp; path = imgui_draw.cpp; sourceTree = "<group>"; };
		8750304D20474824003D9102 /* stb_rect_pack.h */ = {isa = PBXFileReference; fileEncoding = 4; lastKnownFileType = sourcecode.c.h; path = stb_rect_pack.h; sourceTree = "<group>"; };
		8750304E20474824003D9102 /* imgui_impl_sdl.h */ = {isa = PBXFileReference; fileEncoding = 4; lastKnownFileType = sourcecode.c.h; path = imgui_impl_sdl.h; sourceTree = "<group>"; };
		8750304F20474824003D9102 /* imgui.cpp */ = {isa = PBXFileReference; fileEncoding = 4; lastKnownFileType = sourcecode.cpp.cpp; path = imgui.cpp; sourceTree = "<group>"; };
/* End PBXFileReference section */

/* Begin PBXFrameworksBuildPhase section */
		8750302820473EA2003D9102 /* Frameworks */ = {
			isa = PBXFrameworksBuildPhase;
			buildActionMask = 2147483647;
			files = (
				8750303420473EB1003D9102 /* OpenGL.framework in Frameworks */,
			);
			runOnlyForDeploymentPostprocessing = 0;
		};
/* End PBXFrameworksBuildPhase section */

/* Begin PBXGroup section */
		8750302220473EA2003D9102 = {
			isa = PBXGroup;
			children = (
				8750304020473F7D003D9102 /* hook.cpp */,
				8750304120473F7D003D9102 /* hook.hpp */,
				8750303C20473F5F003D9102 /* main.cpp */,
				8750303D20473F5F003D9102 /* main.hpp */,
				8750305C20475730003D9102 /* Thirdparty */,
				8750302C20473EA2003D9102 /* Products */,
				8750303220473EB1003D9102 /* Frameworks */,
			);
			sourceTree = "<group>";
		};
		8750302C20473EA2003D9102 /* Products */ = {
			isa = PBXGroup;
			children = (
				8750302B20473EA2003D9102 /* libimgui_sdl_osx.dylib */,
			);
			name = Products;
			sourceTree = "<group>";
		};
		8750303220473EB1003D9102 /* Frameworks */ = {
			isa = PBXGroup;
			children = (
				8750303320473EB1003D9102 /* OpenGL.framework */,
			);
			name = Frameworks;
			sourceTree = "<group>";
		};
		8750305A2047570D003D9102 /* imgui */ = {
			isa = PBXGroup;
			children = (
				8750304820474823003D9102 /* imconfig.h */,
				8750304C20474824003D9102 /* imgui_draw.cpp */,
				8750304620474823003D9102 /* imgui_impl_sdl.cpp */,
				8750304E20474824003D9102 /* imgui_impl_sdl.h */,
				8750304920474823003D9102 /* imgui_internal.h */,
				8750304F20474824003D9102 /* imgui.cpp */,
				8750304A20474824003D9102 /* imgui.h */,
				8750304D20474824003D9102 /* stb_rect_pack.h */,
				8750304B20474824003D9102 /* stb_textedit.h */,
				8750304720474823003D9102 /* stb_truetype.h */,
			);
			name = imgui;
			path = Thirdparty;
			sourceTree = "<group>";
		};
		8750305C20475730003D9102 /* Thirdparty */ = {
			isa = PBXGroup;
			children = (
				8750305A2047570D003D9102 /* imgui */,
			);
			name = Thirdparty;
			sourceTree = "<group>";
		};
/* End PBXGroup section */

/* Begin PBXHeadersBuildPhase section */
		8750302920473EA2003D9102 /* Headers */ = {
			isa = PBXHeadersBuildPhase;
			buildActionMask = 2147483647;
			files = (
				8750305820474824003D9102 /* imgui_impl_sdl.h in Headers */,
				8750304320473F7D003D9102 /* hook.hpp in Headers */,
				8750305220474824003D9102 /* imconfig.h in Headers */,
				8750305420474824003D9102 /* imgui.h in Headers */,
				8750305720474824003D9102 /* stb_rect_pack.h in Headers */,
				8750305120474824003D9102 /* stb_truetype.h in Headers */,
				8750303F20473F5F003D9102 /* main.hpp in Headers */,
				8750305320474824003D9102 /* imgui_internal.h in Headers */,
				8750305520474824003D9102 /* stb_textedit.h in Headers */,
			);
			runOnlyForDeploymentPostprocessing = 0;
		};
/* End PBXHeadersBuildPhase section */

/* Begin PBXNativeTarget section */
		8750302A20473EA2003D9102 /* imgui_sdl_osx */ = {
			isa = PBXNativeTarget;
			buildConfigurationList = 8750302F20473EA2003D9102 /* Build configuration list for PBXNativeTarget "imgui_sdl_osx" */;
			buildPhases = (
				8750302720473EA2003D9102 /* Sources */,
				8750302820473EA2003D9102 /* Frameworks */,
				8750302920473EA2003D9102 /* Headers */,
			);
			buildRules = (
			);
			dependencies = (
			);
			name = imgui_sdl_osx;
			productName = imgui_sdl_osx;
			productReference = 8750302B20473EA2003D9102 /* libimgui_sdl_osx.dylib */;
			productType = "com.apple.product-type.library.dynamic";
		};
/* End PBXNativeTarget section */

/* Begin PBXProject section */
		8750302320473EA2003D9102 /* Project object */ = {
			isa = PBXProject;
			attributes = {
				LastUpgradeCheck = 0920;
				ORGANIZATIONNAME = downstate;
				TargetAttributes = {
					8750302A20473EA2003D9102 = {
						CreatedOnToolsVersion = 9.2;
						ProvisioningStyle = Automatic;
					};
				};
			};
			buildConfigurationList = 8750302620473EA2003D9102 /* Build configuration list for PBXProject "imgui_sdl_osx" */;
			compatibilityVersion = "Xcode 8.0";
			developmentRegion = en;
			hasScannedForEncodings = 0;
			knownRegions = (
				en,
			);
			mainGroup = 8750302220473EA2003D9102;
			productRefGroup = 8750302C20473EA2003D9102 /* Products */;
			projectDirPath = "";
			projectRoot = "";
			targets = (
				8750302A20473EA2003D9102 /* imgui_sdl_osx */,
			);
		};
/* End PBXProject section */

/* Begin PBXSourcesBuildPhase section */
		8750302720473EA2003D9102 /* Sources */ = {
			isa = PBXSourcesBuildPhase;
			buildActionMask = 2147483647;
			files = (
				8750303E20473F5F003D9102 /* main.cpp in Sources */,
				8750305020474824003D9102 /* imgui_impl_sdl.cpp in Sources */,
				8750305620474824003D9102 /* imgui_draw.cpp in Sources */,
				8750304220473F7D003D9102 /* hook.cpp in Sources */,
				8750305920474824003D9102 /* imgui.cpp in Sources */,
			);
			runOnlyForDeploymentPostprocessing = 0;
		};
/* End PBXSourcesBuildPhase section */

/* Begin XCBuildConfiguration section */
		8750302D20473EA2003D9102 /* Debug */ = {
			isa = XCBuildConfiguration;
			buildSettings = {
				ALWAYS_SEARCH_USER_PATHS = NO;
				CLANG_ANALYZER_NONNULL = YES;
				CLANG_ANALYZER_NUMBER_OBJECT_CONVERSION = YES_AGGRESSIVE;
				CLANG_CXX_LANGUAGE_STANDARD = "gnu++14";
				CLANG_CXX_LIBRARY = "libc++";
				CLANG_ENABLE_MODULES = YES;
				CLANG_ENABLE_OBJC_ARC = YES;
				CLANG_WARN_BLOCK_CAPTURE_AUTORELEASING = YES;
				CLANG_WARN_BOOL_CONVERSION = YES;
				CLANG_WARN_COMMA = YES;
				CLANG_WARN_CONSTANT_CONVERSION = YES;
				CLANG_WARN_DIRECT_OBJC_ISA_USAGE = YES_ERROR;
				CLANG_WARN_DOCUMENTATION_COMMENTS = YES;
				CLANG_WARN_EMPTY_BODY = YES;
				CLANG_WARN_ENUM_CONVERSION = YES;
				CLANG_WARN_INFINITE_RECURSION = YES;
				CLANG_WARN_INT_CONVERSION = YES;
				CLANG_WARN_NON_LITERAL_NULL_CONVERSION = YES;
				CLANG_WARN_OBJC_LITERAL_CONVERSION = YES;
				CLANG_WARN_OBJC_ROOT_CLASS = YES_ERROR;
				CLANG_WARN_RANGE_LOOP_ANALYSIS = YES;
				CLANG_WARN_STRICT_PROTOTYPES = YES;
				CLANG_WARN_SUSPICIOUS_MOVE = YES;
				CLANG_WARN_UNGUARDED_AVAILABILITY = YES_AGGRESSIVE;
				CLANG_WARN_UNREACHABLE_CODE = YES;
				CLANG_WARN__DUPLICATE_METHOD_MATCH = YES;
				CODE_SIGN_IDENTITY = "-";
				COPY_PHASE_STRIP = NO;
				DEBUG_INFORMATION_FORMAT = dwarf;
				ENABLE_STRICT_OBJC_MSGSEND = YES;
				ENABLE_TESTABILITY = YES;
				GCC_C_LANGUAGE_STANDARD = gnu11;
				GCC_DYNAMIC_NO_PIC = NO;
				GCC_NO_COMMON_BLOCKS = YES;
				GCC_OPTIMIZATION_LEVEL = 0;
				GCC_PREPROCESSOR_DEFINITIONS = (
					"DEBUG=1",
					"$(inherited)",
				);
				GCC_WARN_64_TO_32_BIT_CONVERSION = YES;
				GCC_WARN_ABOUT_RETURN_TYPE = YES_ERROR;
				GCC_WARN_UNDECLARED_SELECTOR = YES;
				GCC_WARN_UNINITIALIZED_AUTOS = YES_AGGRESSIVE;
				GCC_WARN_UNUSED_FUNCTION = YES;
				GCC_WARN_UNUSED_VARIABLE = YES;
				MACOSX_DEPLOYMENT_TARGET = 10.13;
				MTL_ENABLE_DEBUG_INFO = YES;
				ONLY_ACTIVE_ARCH = YES;
				SDKROOT = macosx;
			};
			name = Debug;
		};
		8750302E20473EA2003D9102 /* Release */ = {
			isa = XCBuildConfiguration;
			buildSettings = {
				ALWAYS_SEARCH_USER_PATHS = NO;
				CLANG_ANALYZER_NONNULL = YES;
				CLANG_ANALYZER_NUMBER_OBJECT_CONVERSION = YES_AGGRESSIVE;
				CLANG_CXX_LANGUAGE_STANDARD = "gnu++14";
				CLANG_CXX_LIBRARY = "libc++";
				CLANG_ENABLE_MODULES = YES;
				CLANG_ENABLE_OBJC_ARC = YES;
				CLANG_WARN_BLOCK_CAPTURE_AUTORELEASING = YES;
				CLANG_WARN_BOOL_CONVERSION = YES;
				CLANG_WARN_COMMA = YES;
				CLANG_WARN_CONSTANT_CONVERSION = YES;
				CLANG_WARN_DIRECT_OBJC_ISA_USAGE = YES_ERROR;
				CLANG_WARN_DOCUMENTATION_COMMENTS = YES;
				CLANG_WARN_EMPTY_BODY = YES;
				CLANG_WARN_ENUM_CONVERSION = YES;
				CLANG_WARN_INFINITE_RECURSION = YES;
				CLANG_WARN_INT_CONVERSION = YES;
				CLANG_WARN_NON_LITERAL_NULL_CONVERSION = YES;
				CLANG_WARN_OBJC_LITERAL_CONVERSION = YES;
				CLANG_WARN_OBJC_ROOT_CLASS = YES_ERROR;
				CLANG_WARN_RANGE_LOOP_ANALYSIS = YES;
				CLANG_WARN_STRICT_PROTOTYPES = YES;
				CLANG_WARN_SUSPICIOUS_MOVE = YES;
				CLANG_WARN_UNGUARDED_AVAILABILITY = YES_AGGRESSIVE;
				CLANG_WARN_UNREACHABLE_CODE = YES;
				CLANG_WARN__DUPLICATE_METHOD_MATCH = YES;
				CODE_SIGN_IDENTITY = "-";
				COPY_PHASE_STRIP = NO;
				DEBUG_INFORMATION_FORMAT = "dwarf-with-dsym";
				ENABLE_NS_ASSERTIONS = NO;
				ENABLE_STRICT_OBJC_MSGSEND = YES;
				GCC_C_LANGUAGE_STANDARD = gnu11;
				GCC_NO_COMMON_BLOCKS = YES;
				GCC_WARN_64_TO_32_BIT_CONVERSION = YES;
				GCC_WARN_ABOUT_RETURN_TYPE = YES_ERROR;
				GCC_WARN_UNDECLARED_SELECTOR = YES;
				GCC_WARN_UNINITIALIZED_AUTOS = YES_AGGRESSIVE;
				GCC_WARN_UNUSED_FUNCTION = YES;
				GCC_WARN_UNUSED_VARIABLE = YES;
				MACOSX_DEPLOYMENT_TARGET = 10.13;
				MTL_ENABLE_DEBUG_INFO = NO;
				SDKROOT = macosx;
			};
			name = Release;
		};
		8750303020473EA2003D9102 /* Debug */ = {
			isa = XCBuildConfiguration;
			buildSettings = {
				CODE_SIGN_STYLE = Automatic;
				DYLIB_COMPATIBILITY_VERSION = 1;
				DYLIB_CURRENT_VERSION = 1;
				EXECUTABLE_PREFIX = lib;
				FRAMEWORK_SEARCH_PATHS = (
					"$(inherited)",
					"$(LOCAL_LIBRARY_DIR)/Frameworks",
				);
				PRODUCT_NAME = "$(TARGET_NAME)";
			};
			name = Debug;
		};
		8750303120473EA2003D9102 /* Release */ = {
			isa = XCBuildConfiguration;
			buildSettings = {
				CODE_SIGN_STYLE = Automatic;
				DYLIB_COMPATIBILITY_VERSION = 1;
				DYLIB_CURRENT_VERSION = 1;
				EXECUTABLE_PREFIX = lib;
				FRAMEWORK_SEARCH_PATHS = (
					"$(inherited)",
					"$(LOCAL_LIBRARY_DIR)/Frameworks",
				);
				PRODUCT_NAME = "$(TARGET_NAME)";
			};
			name = Release;
		};
/* End XCBuildConfiguration section */

/* Begin XCConfigurationList section */
		8750302620473EA2003D9102 /* Build configuration list for PBXProject "imgui_sdl_osx" */ = {
			isa = XCConfigurationList;
			buildConfigurations = (
				8750302D20473EA2003D9102 /* Debug */,
				8750302E20473EA2003D9102 /* Release */,
			);
			defaultConfigurationIsVisible = 0;
			defaultConfigurationName = Release;
		};
		8750302F20473EA2003D9102 /* Build configuration list for PBXNativeTarget "imgui_sdl_osx" */ = {
			isa = XCConfigurationList;
			buildConfigurations = (
				8750303020473EA2003D9102 /* Debug */,
				8750303120473EA2003D9102 /* Release */,
			);
			defaultConfigurationIsVisible = 0;
			defaultConfigurationName = Release;
		};
/* End XCConfigurationList section */
	};
	rootObject = 8750302320473EA2003D9102 /* Project object */;
}
